// !$*UTF8*$!
{
	archiveVersion = 1;
	classes = {
	};
	objectVersion = 50;
	objects = {

/* Begin PBXBuildFile section */
		6A3C1AC624DB181C008098D5 /* MockImagesBrowserView.swift in Sources */ = {isa = PBXBuildFile; fileRef = 6A3C1AC524DB181C008098D5 /* MockImagesBrowserView.swift */; };
		6A3C1AC824DB18B4008098D5 /* MockImagesBrowserPresenter.swift in Sources */ = {isa = PBXBuildFile; fileRef = 6A3C1AC724DB18B4008098D5 /* MockImagesBrowserPresenter.swift */; };
		6A3C1ACA24DB190D008098D5 /* MockImagesBrowserInteractor.swift in Sources */ = {isa = PBXBuildFile; fileRef = 6A3C1AC924DB190D008098D5 /* MockImagesBrowserInteractor.swift */; };
		6A3C1ACC24DB196D008098D5 /* MockImagesBrowserRequestManager.swift in Sources */ = {isa = PBXBuildFile; fileRef = 6A3C1ACB24DB196D008098D5 /* MockImagesBrowserRequestManager.swift */; };
		6A3C1ACF24DB3727008098D5 /* MockImageDetailView.swift in Sources */ = {isa = PBXBuildFile; fileRef = 6A3C1ACE24DB3727008098D5 /* MockImageDetailView.swift */; };
		6A3C1AD124DB3784008098D5 /* MockImageDetailInteractor.swift in Sources */ = {isa = PBXBuildFile; fileRef = 6A3C1AD024DB3784008098D5 /* MockImageDetailInteractor.swift */; };
		6A3C1AD324DB38ED008098D5 /* MockImageDetailPresenter.swift in Sources */ = {isa = PBXBuildFile; fileRef = 6A3C1AD224DB38ED008098D5 /* MockImageDetailPresenter.swift */; };
		6A3C1AD524DB393D008098D5 /* MockImageDetailRequestManager.swift in Sources */ = {isa = PBXBuildFile; fileRef = 6A3C1AD424DB393D008098D5 /* MockImageDetailRequestManager.swift */; };
		6A3C1ADA24DB3A2A008098D5 /* ImagesBrowserViewTests.swift in Sources */ = {isa = PBXBuildFile; fileRef = 6A3C1AD924DB3A2A008098D5 /* ImagesBrowserViewTests.swift */; };
		6A3C1ADC24DB403A008098D5 /* ImagesBrowserInteractorTests.swift in Sources */ = {isa = PBXBuildFile; fileRef = 6A3C1ADB24DB403A008098D5 /* ImagesBrowserInteractorTests.swift */; };
		6A3C1ADE24DB41C4008098D5 /* ImagesBrowserPresenterTests.swift in Sources */ = {isa = PBXBuildFile; fileRef = 6A3C1ADD24DB41C4008098D5 /* ImagesBrowserPresenterTests.swift */; };
		6A3C1AE124DB5B2D008098D5 /* ImageDetailViewTests.swift in Sources */ = {isa = PBXBuildFile; fileRef = 6A3C1AE024DB5B2D008098D5 /* ImageDetailViewTests.swift */; };
		6A3C1AE324DB6854008098D5 /* ImageDetailInteractorTest.swift in Sources */ = {isa = PBXBuildFile; fileRef = 6A3C1AE224DB6854008098D5 /* ImageDetailInteractorTest.swift */; };
		6A3C1AE524DB6946008098D5 /* ImageDetailPresenterTests.swift in Sources */ = {isa = PBXBuildFile; fileRef = 6A3C1AE424DB6946008098D5 /* ImageDetailPresenterTests.swift */; };
		6A3C1AE724DB7906008098D5 /* ServiceUniTest.swift in Sources */ = {isa = PBXBuildFile; fileRef = 6A3C1AE624DB7906008098D5 /* ServiceUniTest.swift */; };
		6A3C1AEB24DB7B0A008098D5 /* MockServiceClasses.swift in Sources */ = {isa = PBXBuildFile; fileRef = 6A3C1AE824DB7ADB008098D5 /* MockServiceClasses.swift */; };
		6A61907524D9F23600BA7CCC /* AppDelegate.swift in Sources */ = {isa = PBXBuildFile; fileRef = 6A61907424D9F23600BA7CCC /* AppDelegate.swift */; };
		6A61907C24D9F23600BA7CCC /* Main.storyboard in Resources */ = {isa = PBXBuildFile; fileRef = 6A61907A24D9F23600BA7CCC /* Main.storyboard */; };
		6A61907E24D9F23800BA7CCC /* Assets.xcassets in Resources */ = {isa = PBXBuildFile; fileRef = 6A61907D24D9F23800BA7CCC /* Assets.xcassets */; };
		6A61908124D9F23800BA7CCC /* LaunchScreen.storyboard in Resources */ = {isa = PBXBuildFile; fileRef = 6A61907F24D9F23800BA7CCC /* LaunchScreen.storyboard */; };
		6A6190BD24D9F33400BA7CCC /* ImagesBrowserViewController.swift in Sources */ = {isa = PBXBuildFile; fileRef = 6A6190BC24D9F33400BA7CCC /* ImagesBrowserViewController.swift */; };
		6A6190BF24D9F34700BA7CCC /* ImagesBrowserInteractor.swift in Sources */ = {isa = PBXBuildFile; fileRef = 6A6190BE24D9F34700BA7CCC /* ImagesBrowserInteractor.swift */; };
		6A6190C124D9F35100BA7CCC /* ImagesBrowserPresenter.swift in Sources */ = {isa = PBXBuildFile; fileRef = 6A6190C024D9F35100BA7CCC /* ImagesBrowserPresenter.swift */; };
		6A6190C324D9F35F00BA7CCC /* ImgurPostEntity.swift in Sources */ = {isa = PBXBuildFile; fileRef = 6A6190C224D9F35F00BA7CCC /* ImgurPostEntity.swift */; };
		6A6190C524D9F36E00BA7CCC /* ImagesBrowserWireframe.swift in Sources */ = {isa = PBXBuildFile; fileRef = 6A6190C424D9F36E00BA7CCC /* ImagesBrowserWireframe.swift */; };
		6A6190CD24D9F50B00BA7CCC /* ImagesBrowserProtocols.swift in Sources */ = {isa = PBXBuildFile; fileRef = 6A6190CC24D9F50B00BA7CCC /* ImagesBrowserProtocols.swift */; };
		6A6190D324D9F70F00BA7CCC /* ImgurPostCell.swift in Sources */ = {isa = PBXBuildFile; fileRef = 6A6190D224D9F70F00BA7CCC /* ImgurPostCell.swift */; };
		6A6190D524D9F77500BA7CCC /* ImgurPostCellPresenter.swift in Sources */ = {isa = PBXBuildFile; fileRef = 6A6190D424D9F77500BA7CCC /* ImgurPostCellPresenter.swift */; };
		6A6190D724D9F7B900BA7CCC /* ImgurPostCell.xib in Resources */ = {isa = PBXBuildFile; fileRef = 6A6190D624D9F7B900BA7CCC /* ImgurPostCell.xib */; };
		6A6190D824D9F80400BA7CCC /* ServiceConstants.swift in Sources */ = {isa = PBXBuildFile; fileRef = 6A6190CA24D9F49200BA7CCC /* ServiceConstants.swift */; };
		6A6190DD24D9FB0100BA7CCC /* ServiceProtocols.swift in Sources */ = {isa = PBXBuildFile; fileRef = 6A6190DC24D9FB0100BA7CCC /* ServiceProtocols.swift */; };
		6A6190E224D9FBFB00BA7CCC /* ImageBrowserServiceProtocols.swift in Sources */ = {isa = PBXBuildFile; fileRef = 6A6190E124D9FBFB00BA7CCC /* ImageBrowserServiceProtocols.swift */; };
		6A6190E624D9FCC500BA7CCC /* ImagesBrowserRequestManager.swift in Sources */ = {isa = PBXBuildFile; fileRef = 6A6190E524D9FCC500BA7CCC /* ImagesBrowserRequestManager.swift */; };
		6A6190E824D9FCF200BA7CCC /* NetworkManager.swift in Sources */ = {isa = PBXBuildFile; fileRef = 6A6190E724D9FCF200BA7CCC /* NetworkManager.swift */; };
		6A6190EA24D9FDA300BA7CCC /* ImgurRequest.swift in Sources */ = {isa = PBXBuildFile; fileRef = 6A6190E924D9FDA300BA7CCC /* ImgurRequest.swift */; };
		6A6190F224DA0C2100BA7CCC /* ImageDetailViewController.swift in Sources */ = {isa = PBXBuildFile; fileRef = 6A6190F124DA0C2100BA7CCC /* ImageDetailViewController.swift */; };
		6A6190F424DA0C3500BA7CCC /* ImageDetailInteractor.swift in Sources */ = {isa = PBXBuildFile; fileRef = 6A6190F324DA0C3500BA7CCC /* ImageDetailInteractor.swift */; };
		6A6190F624DA0C4000BA7CCC /* ImageDetailPresenter.swift in Sources */ = {isa = PBXBuildFile; fileRef = 6A6190F524DA0C4000BA7CCC /* ImageDetailPresenter.swift */; };
		6A6190F824DA0C4900BA7CCC /* ImageDetailEntity.swift in Sources */ = {isa = PBXBuildFile; fileRef = 6A6190F724DA0C4900BA7CCC /* ImageDetailEntity.swift */; };
		6A6190FA24DA0C5700BA7CCC /* ImageDetailWireframe.swift in Sources */ = {isa = PBXBuildFile; fileRef = 6A6190F924DA0C5700BA7CCC /* ImageDetailWireframe.swift */; };
		6A6190FD24DA0CA700BA7CCC /* ImageDetailProtocols.swift in Sources */ = {isa = PBXBuildFile; fileRef = 6A6190FC24DA0CA700BA7CCC /* ImageDetailProtocols.swift */; };
		6A61910224DA0DBE00BA7CCC /* ImgurCommentCell.swift in Sources */ = {isa = PBXBuildFile; fileRef = 6A61910124DA0DBE00BA7CCC /* ImgurCommentCell.swift */; };
		6A61910424DA0DDD00BA7CCC /* ImgurCommentCell.xib in Resources */ = {isa = PBXBuildFile; fileRef = 6A61910324DA0DDD00BA7CCC /* ImgurCommentCell.xib */; };
		6A61910624DA0E2900BA7CCC /* ImgurCommentCellPresenter.swift in Sources */ = {isa = PBXBuildFile; fileRef = 6A61910524DA0E2900BA7CCC /* ImgurCommentCellPresenter.swift */; };
		6A61910824DA100D00BA7CCC /* ImageDetailServiceProtocols.swift in Sources */ = {isa = PBXBuildFile; fileRef = 6A61910724DA100D00BA7CCC /* ImageDetailServiceProtocols.swift */; };
		6A61910B24DA10A600BA7CCC /* ImageDetailRequestManager.swift in Sources */ = {isa = PBXBuildFile; fileRef = 6A61910A24DA10A600BA7CCC /* ImageDetailRequestManager.swift */; };
		6A61910D24DA112C00BA7CCC /* ImgurCommentsRequest.swift in Sources */ = {isa = PBXBuildFile; fileRef = 6A61910C24DA112C00BA7CCC /* ImgurCommentsRequest.swift */; };
		6A61911224DA1E8600BA7CCC /* ViewControllerInstantiatable.swift in Sources */ = {isa = PBXBuildFile; fileRef = 6A61911124DA1E8600BA7CCC /* ViewControllerInstantiatable.swift */; };
		6A61911424DA1F4200BA7CCC /* BaseWireframe.swift in Sources */ = {isa = PBXBuildFile; fileRef = 6A61911324DA1F4200BA7CCC /* BaseWireframe.swift */; };
		6A61911C24DA21F400BA7CCC /* BadPostsMock.json in Resources */ = {isa = PBXBuildFile; fileRef = 6A61911824DA21F400BA7CCC /* BadPostsMock.json */; };
		6A61911D24DA21F400BA7CCC /* CommentsMock.json in Resources */ = {isa = PBXBuildFile; fileRef = 6A61911924DA21F400BA7CCC /* CommentsMock.json */; };
		6A61911E24DA21F400BA7CCC /* BadCommentsMock.json in Resources */ = {isa = PBXBuildFile; fileRef = 6A61911A24DA21F400BA7CCC /* BadCommentsMock.json */; };
		6A61911F24DA21F400BA7CCC /* PostsMock.json in Resources */ = {isa = PBXBuildFile; fileRef = 6A61911B24DA21F400BA7CCC /* PostsMock.json */; };
		6A98D1F324EB2CC100FE49B2 /* ImgurPostCellInteractor.swift in Sources */ = {isa = PBXBuildFile; fileRef = 6A98D1F224EB2CC100FE49B2 /* ImgurPostCellInteractor.swift */; };
		6A98D1F624EB327B00FE49B2 /* ImgurPostCellProtocols.swift in Sources */ = {isa = PBXBuildFile; fileRef = 6A98D1F524EB327B00FE49B2 /* ImgurPostCellProtocols.swift */; };
		6A98D1F924EB605300FE49B2 /* ImgurCommentCellProtocols.swift in Sources */ = {isa = PBXBuildFile; fileRef = 6A98D1F824EB605300FE49B2 /* ImgurCommentCellProtocols.swift */; };
		6A98D1FC24EB616800FE49B2 /* ImgurCommentCellInteractor.swift in Sources */ = {isa = PBXBuildFile; fileRef = 6A98D1FB24EB616800FE49B2 /* ImgurCommentCellInteractor.swift */; };
		6A98D1FF24EB6A3A00FE49B2 /* MockImgurPostCellView.swift in Sources */ = {isa = PBXBuildFile; fileRef = 6A98D1FE24EB6A3A00FE49B2 /* MockImgurPostCellView.swift */; };
		6A98D20124EB6A9700FE49B2 /* MockImgurPostCellInteractor.swift in Sources */ = {isa = PBXBuildFile; fileRef = 6A98D20024EB6A9700FE49B2 /* MockImgurPostCellInteractor.swift */; };
		6AD0942A24EC584500BA2016 /* MockImgurPostCellPresenter.swift in Sources */ = {isa = PBXBuildFile; fileRef = 6AD0942924EC584500BA2016 /* MockImgurPostCellPresenter.swift */; };
		6AD0942E24EC622F00BA2016 /* MockImgurCommentCellView.swift in Sources */ = {isa = PBXBuildFile; fileRef = 6AD0942D24EC622F00BA2016 /* MockImgurCommentCellView.swift */; };
		6AD0943024EC65F100BA2016 /* MockImgurCommentCellInteractor.swift in Sources */ = {isa = PBXBuildFile; fileRef = 6AD0942F24EC65F100BA2016 /* MockImgurCommentCellInteractor.swift */; };
		6AD0943224EC661C00BA2016 /* MockImgurCommentCellPresenter.swift in Sources */ = {isa = PBXBuildFile; fileRef = 6AD0943124EC661C00BA2016 /* MockImgurCommentCellPresenter.swift */; };
		6AD0943524EC667F00BA2016 /* ImgurPostCellViewTest.swift in Sources */ = {isa = PBXBuildFile; fileRef = 6AD0943424EC667F00BA2016 /* ImgurPostCellViewTest.swift */; };
		6AD0943924EC70A600BA2016 /* ImgurPostCellInteractorTest.swift in Sources */ = {isa = PBXBuildFile; fileRef = 6AD0943824EC70A600BA2016 /* ImgurPostCellInteractorTest.swift */; };
		6AD0943B24EC716700BA2016 /* ImgurPostCellPresenterTest.swift in Sources */ = {isa = PBXBuildFile; fileRef = 6AD0943A24EC716700BA2016 /* ImgurPostCellPresenterTest.swift */; };
		6AD0943F24EC735A00BA2016 /* ImgurCommentCellViewTest.swift in Sources */ = {isa = PBXBuildFile; fileRef = 6AD0943E24EC735A00BA2016 /* ImgurCommentCellViewTest.swift */; };
		6AD0944124EC76EA00BA2016 /* ImgurCommentCellPresenterTest.swift in Sources */ = {isa = PBXBuildFile; fileRef = 6AD0944024EC76EA00BA2016 /* ImgurCommentCellPresenterTest.swift */; };
/* End PBXBuildFile section */

/* Begin PBXContainerItemProxy section */
		6A61908824D9F23800BA7CCC /* PBXContainerItemProxy */ = {
			isa = PBXContainerItemProxy;
			containerPortal = 6A61906924D9F23600BA7CCC /* Project object */;
			proxyType = 1;
			remoteGlobalIDString = 6A61907024D9F23600BA7CCC;
			remoteInfo = ImgurImagesVIPER;
		};
/* End PBXContainerItemProxy section */

/* Begin PBXFileReference section */
		6A3C1AC524DB181C008098D5 /* MockImagesBrowserView.swift */ = {isa = PBXFileReference; lastKnownFileType = sourcecode.swift; path = MockImagesBrowserView.swift; sourceTree = "<group>"; };
		6A3C1AC724DB18B4008098D5 /* MockImagesBrowserPresenter.swift */ = {isa = PBXFileReference; lastKnownFileType = sourcecode.swift; path = MockImagesBrowserPresenter.swift; sourceTree = "<group>"; };
		6A3C1AC924DB190D008098D5 /* MockImagesBrowserInteractor.swift */ = {isa = PBXFileReference; lastKnownFileType = sourcecode.swift; path = MockImagesBrowserInteractor.swift; sourceTree = "<group>"; };
		6A3C1ACB24DB196D008098D5 /* MockImagesBrowserRequestManager.swift */ = {isa = PBXFileReference; lastKnownFileType = sourcecode.swift; path = MockImagesBrowserRequestManager.swift; sourceTree = "<group>"; };
		6A3C1ACE24DB3727008098D5 /* MockImageDetailView.swift */ = {isa = PBXFileReference; lastKnownFileType = sourcecode.swift; path = MockImageDetailView.swift; sourceTree = "<group>"; };
		6A3C1AD024DB3784008098D5 /* MockImageDetailInteractor.swift */ = {isa = PBXFileReference; lastKnownFileType = sourcecode.swift; path = MockImageDetailInteractor.swift; sourceTree = "<group>"; };
		6A3C1AD224DB38ED008098D5 /* MockImageDetailPresenter.swift */ = {isa = PBXFileReference; lastKnownFileType = sourcecode.swift; path = MockImageDetailPresenter.swift; sourceTree = "<group>"; };
		6A3C1AD424DB393D008098D5 /* MockImageDetailRequestManager.swift */ = {isa = PBXFileReference; lastKnownFileType = sourcecode.swift; path = MockImageDetailRequestManager.swift; sourceTree = "<group>"; };
		6A3C1AD924DB3A2A008098D5 /* ImagesBrowserViewTests.swift */ = {isa = PBXFileReference; lastKnownFileType = sourcecode.swift; path = ImagesBrowserViewTests.swift; sourceTree = "<group>"; };
		6A3C1ADB24DB403A008098D5 /* ImagesBrowserInteractorTests.swift */ = {isa = PBXFileReference; lastKnownFileType = sourcecode.swift; path = ImagesBrowserInteractorTests.swift; sourceTree = "<group>"; };
		6A3C1ADD24DB41C4008098D5 /* ImagesBrowserPresenterTests.swift */ = {isa = PBXFileReference; lastKnownFileType = sourcecode.swift; path = ImagesBrowserPresenterTests.swift; sourceTree = "<group>"; };
		6A3C1AE024DB5B2D008098D5 /* ImageDetailViewTests.swift */ = {isa = PBXFileReference; lastKnownFileType = sourcecode.swift; path = ImageDetailViewTests.swift; sourceTree = "<group>"; };
		6A3C1AE224DB6854008098D5 /* ImageDetailInteractorTest.swift */ = {isa = PBXFileReference; lastKnownFileType = sourcecode.swift; path = ImageDetailInteractorTest.swift; sourceTree = "<group>"; };
		6A3C1AE424DB6946008098D5 /* ImageDetailPresenterTests.swift */ = {isa = PBXFileReference; lastKnownFileType = sourcecode.swift; path = ImageDetailPresenterTests.swift; sourceTree = "<group>"; };
		6A3C1AE624DB7906008098D5 /* ServiceUniTest.swift */ = {isa = PBXFileReference; lastKnownFileType = sourcecode.swift; path = ServiceUniTest.swift; sourceTree = "<group>"; };
		6A3C1AE824DB7ADB008098D5 /* MockServiceClasses.swift */ = {isa = PBXFileReference; lastKnownFileType = sourcecode.swift; path = MockServiceClasses.swift; sourceTree = "<group>"; };
		6A61907124D9F23600BA7CCC /* ImgurImagesVIPER.app */ = {isa = PBXFileReference; explicitFileType = wrapper.application; includeInIndex = 0; path = ImgurImagesVIPER.app; sourceTree = BUILT_PRODUCTS_DIR; };
		6A61907424D9F23600BA7CCC /* AppDelegate.swift */ = {isa = PBXFileReference; lastKnownFileType = sourcecode.swift; path = AppDelegate.swift; sourceTree = "<group>"; };
		6A61907B24D9F23600BA7CCC /* Base */ = {isa = PBXFileReference; lastKnownFileType = file.storyboard; name = Base; path = Base.lproj/Main.storyboard; sourceTree = "<group>"; };
		6A61907D24D9F23800BA7CCC /* Assets.xcassets */ = {isa = PBXFileReference; lastKnownFileType = folder.assetcatalog; path = Assets.xcassets; sourceTree = "<group>"; };
		6A61908024D9F23800BA7CCC /* Base */ = {isa = PBXFileReference; lastKnownFileType = file.storyboard; name = Base; path = Base.lproj/LaunchScreen.storyboard; sourceTree = "<group>"; };
		6A61908224D9F23800BA7CCC /* Info.plist */ = {isa = PBXFileReference; lastKnownFileType = text.plist.xml; path = Info.plist; sourceTree = "<group>"; };
		6A61908724D9F23800BA7CCC /* ImgurImagesVIPERTests.xctest */ = {isa = PBXFileReference; explicitFileType = wrapper.cfbundle; includeInIndex = 0; path = ImgurImagesVIPERTests.xctest; sourceTree = BUILT_PRODUCTS_DIR; };
		6A61908D24D9F23800BA7CCC /* Info.plist */ = {isa = PBXFileReference; lastKnownFileType = text.plist.xml; path = Info.plist; sourceTree = "<group>"; };
		6A6190BC24D9F33400BA7CCC /* ImagesBrowserViewController.swift */ = {isa = PBXFileReference; lastKnownFileType = sourcecode.swift; path = ImagesBrowserViewController.swift; sourceTree = "<group>"; };
		6A6190BE24D9F34700BA7CCC /* ImagesBrowserInteractor.swift */ = {isa = PBXFileReference; lastKnownFileType = sourcecode.swift; path = ImagesBrowserInteractor.swift; sourceTree = "<group>"; };
		6A6190C024D9F35100BA7CCC /* ImagesBrowserPresenter.swift */ = {isa = PBXFileReference; lastKnownFileType = sourcecode.swift; path = ImagesBrowserPresenter.swift; sourceTree = "<group>"; };
		6A6190C224D9F35F00BA7CCC /* ImgurPostEntity.swift */ = {isa = PBXFileReference; lastKnownFileType = sourcecode.swift; path = ImgurPostEntity.swift; sourceTree = "<group>"; };
		6A6190C424D9F36E00BA7CCC /* ImagesBrowserWireframe.swift */ = {isa = PBXFileReference; lastKnownFileType = sourcecode.swift; path = ImagesBrowserWireframe.swift; sourceTree = "<group>"; };
		6A6190CA24D9F49200BA7CCC /* ServiceConstants.swift */ = {isa = PBXFileReference; lastKnownFileType = sourcecode.swift; path = ServiceConstants.swift; sourceTree = "<group>"; };
		6A6190CC24D9F50B00BA7CCC /* ImagesBrowserProtocols.swift */ = {isa = PBXFileReference; lastKnownFileType = sourcecode.swift; path = ImagesBrowserProtocols.swift; sourceTree = "<group>"; };
		6A6190D224D9F70F00BA7CCC /* ImgurPostCell.swift */ = {isa = PBXFileReference; lastKnownFileType = sourcecode.swift; path = ImgurPostCell.swift; sourceTree = "<group>"; };
		6A6190D424D9F77500BA7CCC /* ImgurPostCellPresenter.swift */ = {isa = PBXFileReference; lastKnownFileType = sourcecode.swift; path = ImgurPostCellPresenter.swift; sourceTree = "<group>"; };
		6A6190D624D9F7B900BA7CCC /* ImgurPostCell.xib */ = {isa = PBXFileReference; lastKnownFileType = file.xib; path = ImgurPostCell.xib; sourceTree = "<group>"; };
		6A6190DC24D9FB0100BA7CCC /* ServiceProtocols.swift */ = {isa = PBXFileReference; lastKnownFileType = sourcecode.swift; path = ServiceProtocols.swift; sourceTree = "<group>"; };
		6A6190E124D9FBFB00BA7CCC /* ImageBrowserServiceProtocols.swift */ = {isa = PBXFileReference; lastKnownFileType = sourcecode.swift; path = ImageBrowserServiceProtocols.swift; sourceTree = "<group>"; };
		6A6190E524D9FCC500BA7CCC /* ImagesBrowserRequestManager.swift */ = {isa = PBXFileReference; lastKnownFileType = sourcecode.swift; path = ImagesBrowserRequestManager.swift; sourceTree = "<group>"; };
		6A6190E724D9FCF200BA7CCC /* NetworkManager.swift */ = {isa = PBXFileReference; lastKnownFileType = sourcecode.swift; path = NetworkManager.swift; sourceTree = "<group>"; };
		6A6190E924D9FDA300BA7CCC /* ImgurRequest.swift */ = {isa = PBXFileReference; lastKnownFileType = sourcecode.swift; path = ImgurRequest.swift; sourceTree = "<group>"; };
		6A6190F124DA0C2100BA7CCC /* ImageDetailViewController.swift */ = {isa = PBXFileReference; lastKnownFileType = sourcecode.swift; path = ImageDetailViewController.swift; sourceTree = "<group>"; };
		6A6190F324DA0C3500BA7CCC /* ImageDetailInteractor.swift */ = {isa = PBXFileReference; lastKnownFileType = sourcecode.swift; path = ImageDetailInteractor.swift; sourceTree = "<group>"; };
		6A6190F524DA0C4000BA7CCC /* ImageDetailPresenter.swift */ = {isa = PBXFileReference; lastKnownFileType = sourcecode.swift; path = ImageDetailPresenter.swift; sourceTree = "<group>"; };
		6A6190F724DA0C4900BA7CCC /* ImageDetailEntity.swift */ = {isa = PBXFileReference; lastKnownFileType = sourcecode.swift; path = ImageDetailEntity.swift; sourceTree = "<group>"; };
		6A6190F924DA0C5700BA7CCC /* ImageDetailWireframe.swift */ = {isa = PBXFileReference; lastKnownFileType = sourcecode.swift; path = ImageDetailWireframe.swift; sourceTree = "<group>"; };
		6A6190FC24DA0CA700BA7CCC /* ImageDetailProtocols.swift */ = {isa = PBXFileReference; lastKnownFileType = sourcecode.swift; path = ImageDetailProtocols.swift; sourceTree = "<group>"; };
		6A61910124DA0DBE00BA7CCC /* ImgurCommentCell.swift */ = {isa = PBXFileReference; lastKnownFileType = sourcecode.swift; path = ImgurCommentCell.swift; sourceTree = "<group>"; };
		6A61910324DA0DDD00BA7CCC /* ImgurCommentCell.xib */ = {isa = PBXFileReference; lastKnownFileType = file.xib; path = ImgurCommentCell.xib; sourceTree = "<group>"; };
		6A61910524DA0E2900BA7CCC /* ImgurCommentCellPresenter.swift */ = {isa = PBXFileReference; lastKnownFileType = sourcecode.swift; path = ImgurCommentCellPresenter.swift; sourceTree = "<group>"; };
		6A61910724DA100D00BA7CCC /* ImageDetailServiceProtocols.swift */ = {isa = PBXFileReference; lastKnownFileType = sourcecode.swift; path = ImageDetailServiceProtocols.swift; sourceTree = "<group>"; };
		6A61910A24DA10A600BA7CCC /* ImageDetailRequestManager.swift */ = {isa = PBXFileReference; lastKnownFileType = sourcecode.swift; path = ImageDetailRequestManager.swift; sourceTree = "<group>"; };
		6A61910C24DA112C00BA7CCC /* ImgurCommentsRequest.swift */ = {isa = PBXFileReference; lastKnownFileType = sourcecode.swift; path = ImgurCommentsRequest.swift; sourceTree = "<group>"; };
		6A61911124DA1E8600BA7CCC /* ViewControllerInstantiatable.swift */ = {isa = PBXFileReference; lastKnownFileType = sourcecode.swift; path = ViewControllerInstantiatable.swift; sourceTree = "<group>"; };
		6A61911324DA1F4200BA7CCC /* BaseWireframe.swift */ = {isa = PBXFileReference; lastKnownFileType = sourcecode.swift; path = BaseWireframe.swift; sourceTree = "<group>"; };
		6A61911824DA21F400BA7CCC /* BadPostsMock.json */ = {isa = PBXFileReference; fileEncoding = 4; lastKnownFileType = text.json; path = BadPostsMock.json; sourceTree = "<group>"; };
		6A61911924DA21F400BA7CCC /* CommentsMock.json */ = {isa = PBXFileReference; fileEncoding = 4; lastKnownFileType = text.json; path = CommentsMock.json; sourceTree = "<group>"; };
		6A61911A24DA21F400BA7CCC /* BadCommentsMock.json */ = {isa = PBXFileReference; fileEncoding = 4; lastKnownFileType = text.json; path = BadCommentsMock.json; sourceTree = "<group>"; };
		6A61911B24DA21F400BA7CCC /* PostsMock.json */ = {isa = PBXFileReference; fileEncoding = 4; lastKnownFileType = text.json; path = PostsMock.json; sourceTree = "<group>"; };
		6A98D1F224EB2CC100FE49B2 /* ImgurPostCellInteractor.swift */ = {isa = PBXFileReference; lastKnownFileType = sourcecode.swift; path = ImgurPostCellInteractor.swift; sourceTree = "<group>"; };
		6A98D1F524EB327B00FE49B2 /* ImgurPostCellProtocols.swift */ = {isa = PBXFileReference; lastKnownFileType = sourcecode.swift; path = ImgurPostCellProtocols.swift; sourceTree = "<group>"; };
		6A98D1F824EB605300FE49B2 /* ImgurCommentCellProtocols.swift */ = {isa = PBXFileReference; lastKnownFileType = sourcecode.swift; path = ImgurCommentCellProtocols.swift; sourceTree = "<group>"; };
		6A98D1FB24EB616800FE49B2 /* ImgurCommentCellInteractor.swift */ = {isa = PBXFileReference; lastKnownFileType = sourcecode.swift; path = ImgurCommentCellInteractor.swift; sourceTree = "<group>"; };
		6A98D1FE24EB6A3A00FE49B2 /* MockImgurPostCellView.swift */ = {isa = PBXFileReference; lastKnownFileType = sourcecode.swift; path = MockImgurPostCellView.swift; sourceTree = "<group>"; };
		6A98D20024EB6A9700FE49B2 /* MockImgurPostCellInteractor.swift */ = {isa = PBXFileReference; lastKnownFileType = sourcecode.swift; path = MockImgurPostCellInteractor.swift; sourceTree = "<group>"; };
		6AD0942924EC584500BA2016 /* MockImgurPostCellPresenter.swift */ = {isa = PBXFileReference; lastKnownFileType = sourcecode.swift; path = MockImgurPostCellPresenter.swift; sourceTree = "<group>"; };
		6AD0942D24EC622F00BA2016 /* MockImgurCommentCellView.swift */ = {isa = PBXFileReference; lastKnownFileType = sourcecode.swift; path = MockImgurCommentCellView.swift; sourceTree = "<group>"; };
		6AD0942F24EC65F100BA2016 /* MockImgurCommentCellInteractor.swift */ = {isa = PBXFileReference; lastKnownFileType = sourcecode.swift; path = MockImgurCommentCellInteractor.swift; sourceTree = "<group>"; };
		6AD0943124EC661C00BA2016 /* MockImgurCommentCellPresenter.swift */ = {isa = PBXFileReference; lastKnownFileType = sourcecode.swift; path = MockImgurCommentCellPresenter.swift; sourceTree = "<group>"; };
		6AD0943424EC667F00BA2016 /* ImgurPostCellViewTest.swift */ = {isa = PBXFileReference; lastKnownFileType = sourcecode.swift; path = ImgurPostCellViewTest.swift; sourceTree = "<group>"; };
		6AD0943824EC70A600BA2016 /* ImgurPostCellInteractorTest.swift */ = {isa = PBXFileReference; lastKnownFileType = sourcecode.swift; path = ImgurPostCellInteractorTest.swift; sourceTree = "<group>"; };
		6AD0943A24EC716700BA2016 /* ImgurPostCellPresenterTest.swift */ = {isa = PBXFileReference; lastKnownFileType = sourcecode.swift; path = ImgurPostCellPresenterTest.swift; sourceTree = "<group>"; };
		6AD0943E24EC735A00BA2016 /* ImgurCommentCellViewTest.swift */ = {isa = PBXFileReference; lastKnownFileType = sourcecode.swift; path = ImgurCommentCellViewTest.swift; sourceTree = "<group>"; };
		6AD0944024EC76EA00BA2016 /* ImgurCommentCellPresenterTest.swift */ = {isa = PBXFileReference; lastKnownFileType = sourcecode.swift; path = ImgurCommentCellPresenterTest.swift; sourceTree = "<group>"; };
/* End PBXFileReference section */

/* Begin PBXFrameworksBuildPhase section */
		6A61906E24D9F23600BA7CCC /* Frameworks */ = {
			isa = PBXFrameworksBuildPhase;
			buildActionMask = 2147483647;
			files = (
			);
			runOnlyForDeploymentPostprocessing = 0;
		};
		6A61908424D9F23800BA7CCC /* Frameworks */ = {
			isa = PBXFrameworksBuildPhase;
			buildActionMask = 2147483647;
			files = (
			);
			runOnlyForDeploymentPostprocessing = 0;
		};
/* End PBXFrameworksBuildPhase section */

/* Begin PBXGroup section */
		6A3C1AC424DB17F2008098D5 /* MockImagesBrowser */ = {
			isa = PBXGroup;
			children = (
				6A3C1AC524DB181C008098D5 /* MockImagesBrowserView.swift */,
				6A3C1AC924DB190D008098D5 /* MockImagesBrowserInteractor.swift */,
				6A3C1AC724DB18B4008098D5 /* MockImagesBrowserPresenter.swift */,
				6A3C1ACB24DB196D008098D5 /* MockImagesBrowserRequestManager.swift */,
			);
			path = MockImagesBrowser;
			sourceTree = "<group>";
		};
		6A3C1ACD24DB19C0008098D5 /* MockImageDetail */ = {
			isa = PBXGroup;
			children = (
				6A3C1ACE24DB3727008098D5 /* MockImageDetailView.swift */,
				6A3C1AD024DB3784008098D5 /* MockImageDetailInteractor.swift */,
				6A3C1AD224DB38ED008098D5 /* MockImageDetailPresenter.swift */,
				6A3C1AD424DB393D008098D5 /* MockImageDetailRequestManager.swift */,
			);
			path = MockImageDetail;
			sourceTree = "<group>";
		};
		6A3C1AD624DB39CB008098D5 /* Tests */ = {
			isa = PBXGroup;
			children = (
				6AD0943324EC664F00BA2016 /* CellsTests */,
				6A3C1AD824DB39E7008098D5 /* ImagesBrowserTests */,
				6A3C1ADF24DB47F5008098D5 /* ImageDetailTests */,
			);
			path = Tests;
			sourceTree = "<group>";
		};
		6A3C1AD724DB39D6008098D5 /* ServiceTests */ = {
			isa = PBXGroup;
			children = (
				6A3C1AE624DB7906008098D5 /* ServiceUniTest.swift */,
			);
			path = ServiceTests;
			sourceTree = "<group>";
		};
		6A3C1AD824DB39E7008098D5 /* ImagesBrowserTests */ = {
			isa = PBXGroup;
			children = (
				6A3C1AD924DB3A2A008098D5 /* ImagesBrowserViewTests.swift */,
				6A3C1ADB24DB403A008098D5 /* ImagesBrowserInteractorTests.swift */,
				6A3C1ADD24DB41C4008098D5 /* ImagesBrowserPresenterTests.swift */,
			);
			path = ImagesBrowserTests;
			sourceTree = "<group>";
		};
		6A3C1ADF24DB47F5008098D5 /* ImageDetailTests */ = {
			isa = PBXGroup;
			children = (
				6A3C1AE024DB5B2D008098D5 /* ImageDetailViewTests.swift */,
				6A3C1AE224DB6854008098D5 /* ImageDetailInteractorTest.swift */,
				6A3C1AE424DB6946008098D5 /* ImageDetailPresenterTests.swift */,
			);
			path = ImageDetailTests;
			sourceTree = "<group>";
		};
		6A61906824D9F23600BA7CCC = {
			isa = PBXGroup;
			children = (
				6A61907324D9F23600BA7CCC /* ImgurImagesVIPER */,
				6A61908A24D9F23800BA7CCC /* ImgurImagesVIPERTests */,
				6A61907224D9F23600BA7CCC /* Products */,
			);
			sourceTree = "<group>";
		};
		6A61907224D9F23600BA7CCC /* Products */ = {
			isa = PBXGroup;
			children = (
				6A61907124D9F23600BA7CCC /* ImgurImagesVIPER.app */,
				6A61908724D9F23800BA7CCC /* ImgurImagesVIPERTests.xctest */,
			);
			name = Products;
			sourceTree = "<group>";
		};
		6A61907324D9F23600BA7CCC /* ImgurImagesVIPER */ = {
			isa = PBXGroup;
			children = (
				6A6190D924D9F9DE00BA7CCC /* Extensions */,
				6A6190C924D9F44800BA7CCC /* Constants */,
				6A6190C824D9F43E00BA7CCC /* Protocols */,
				6A6190C724D9F43700BA7CCC /* Cells */,
				6A6190C624D9F43200BA7CCC /* Service */,
				6A6190B524D9F2CB00BA7CCC /* Modules */,
				6A61907424D9F23600BA7CCC /* AppDelegate.swift */,
				6A61907D24D9F23800BA7CCC /* Assets.xcassets */,
				6A61907F24D9F23800BA7CCC /* LaunchScreen.storyboard */,
				6A61908224D9F23800BA7CCC /* Info.plist */,
			);
			path = ImgurImagesVIPER;
			sourceTree = "<group>";
		};
		6A61908A24D9F23800BA7CCC /* ImgurImagesVIPERTests */ = {
			isa = PBXGroup;
			children = (
				6A61911524DA21BB00BA7CCC /* Mocks */,
				6A3C1AD624DB39CB008098D5 /* Tests */,
				6A3C1AD724DB39D6008098D5 /* ServiceTests */,
				6A61908D24D9F23800BA7CCC /* Info.plist */,
			);
			path = ImgurImagesVIPERTests;
			sourceTree = "<group>";
		};
		6A6190B524D9F2CB00BA7CCC /* Modules */ = {
			isa = PBXGroup;
			children = (
				6A61907A24D9F23600BA7CCC /* Main.storyboard */,
				6A6190B624D9F2E000BA7CCC /* ImagesBrowser */,
				6A6190EB24DA0BC400BA7CCC /* ImageDetail */,
			);
			path = Modules;
			sourceTree = "<group>";
		};
		6A6190B624D9F2E000BA7CCC /* ImagesBrowser */ = {
			isa = PBXGroup;
			children = (
				6A6190B724D9F2E400BA7CCC /* View */,
				6A6190B824D9F2EB00BA7CCC /* Interactor */,
				6A6190B924D9F2F200BA7CCC /* Presenter */,
				6A6190BA24D9F2FB00BA7CCC /* Entity */,
				6A6190BB24D9F30200BA7CCC /* Router */,
			);
			path = ImagesBrowser;
			sourceTree = "<group>";
		};
		6A6190B724D9F2E400BA7CCC /* View */ = {
			isa = PBXGroup;
			children = (
				6A6190BC24D9F33400BA7CCC /* ImagesBrowserViewController.swift */,
			);
			path = View;
			sourceTree = "<group>";
		};
		6A6190B824D9F2EB00BA7CCC /* Interactor */ = {
			isa = PBXGroup;
			children = (
				6A6190BE24D9F34700BA7CCC /* ImagesBrowserInteractor.swift */,
			);
			path = Interactor;
			sourceTree = "<group>";
		};
		6A6190B924D9F2F200BA7CCC /* Presenter */ = {
			isa = PBXGroup;
			children = (
				6A6190C024D9F35100BA7CCC /* ImagesBrowserPresenter.swift */,
			);
			path = Presenter;
			sourceTree = "<group>";
		};
		6A6190BA24D9F2FB00BA7CCC /* Entity */ = {
			isa = PBXGroup;
			children = (
				6A6190C224D9F35F00BA7CCC /* ImgurPostEntity.swift */,
			);
			path = Entity;
			sourceTree = "<group>";
		};
		6A6190BB24D9F30200BA7CCC /* Router */ = {
			isa = PBXGroup;
			children = (
				6A6190C424D9F36E00BA7CCC /* ImagesBrowserWireframe.swift */,
			);
			path = Router;
			sourceTree = "<group>";
		};
		6A6190C624D9F43200BA7CCC /* Service */ = {
			isa = PBXGroup;
			children = (
				6A6190E724D9FCF200BA7CCC /* NetworkManager.swift */,
				6A6190E424D9FCBA00BA7CCC /* ImagesBrowser */,
				6A61910924DA108D00BA7CCC /* ImageDetail */,
			);
			path = Service;
			sourceTree = "<group>";
		};
		6A6190C724D9F43700BA7CCC /* Cells */ = {
			isa = PBXGroup;
			children = (
				6A6190CE24D9F6C900BA7CCC /* ImagesBrowser */,
				6A6190FE24DA0D5000BA7CCC /* ImageDetail */,
			);
			path = Cells;
			sourceTree = "<group>";
		};
		6A6190C824D9F43E00BA7CCC /* Protocols */ = {
			isa = PBXGroup;
			children = (
				6A6190DF24D9FBC600BA7CCC /* Service */,
				6A6190DE24D9FB9F00BA7CCC /* ImagesBrowser */,
				6A6190FB24DA0C8200BA7CCC /* ImageDetail */,
			);
			path = Protocols;
			sourceTree = "<group>";
		};
		6A6190C924D9F44800BA7CCC /* Constants */ = {
			isa = PBXGroup;
			children = (
				6A6190CA24D9F49200BA7CCC /* ServiceConstants.swift */,
			);
			path = Constants;
			sourceTree = "<group>";
		};
		6A6190CE24D9F6C900BA7CCC /* ImagesBrowser */ = {
			isa = PBXGroup;
			children = (
				6A98D1F424EB326B00FE49B2 /* Protocols */,
				6A6190CF24D9F6D000BA7CCC /* View */,
				6A98D1F124EB2C9500FE49B2 /* Interactor */,
				6A6190D024D9F6D400BA7CCC /* Presenter */,
			);
			path = ImagesBrowser;
			sourceTree = "<group>";
		};
		6A6190CF24D9F6D000BA7CCC /* View */ = {
			isa = PBXGroup;
			children = (
				6A6190D224D9F70F00BA7CCC /* ImgurPostCell.swift */,
				6A6190D624D9F7B900BA7CCC /* ImgurPostCell.xib */,
			);
			path = View;
			sourceTree = "<group>";
		};
		6A6190D024D9F6D400BA7CCC /* Presenter */ = {
			isa = PBXGroup;
			children = (
				6A6190D424D9F77500BA7CCC /* ImgurPostCellPresenter.swift */,
			);
			path = Presenter;
			sourceTree = "<group>";
		};
		6A6190D924D9F9DE00BA7CCC /* Extensions */ = {
			isa = PBXGroup;
			children = (
				6A61911124DA1E8600BA7CCC /* ViewControllerInstantiatable.swift */,
				6A61911324DA1F4200BA7CCC /* BaseWireframe.swift */,
			);
			path = Extensions;
			sourceTree = "<group>";
		};
		6A6190DE24D9FB9F00BA7CCC /* ImagesBrowser */ = {
			isa = PBXGroup;
			children = (
				6A6190CC24D9F50B00BA7CCC /* ImagesBrowserProtocols.swift */,
			);
			path = ImagesBrowser;
			sourceTree = "<group>";
		};
		6A6190DF24D9FBC600BA7CCC /* Service */ = {
			isa = PBXGroup;
			children = (
				6A6190DC24D9FB0100BA7CCC /* ServiceProtocols.swift */,
				6A6190E124D9FBFB00BA7CCC /* ImageBrowserServiceProtocols.swift */,
				6A61910724DA100D00BA7CCC /* ImageDetailServiceProtocols.swift */,
			);
			path = Service;
			sourceTree = "<group>";
		};
		6A6190E424D9FCBA00BA7CCC /* ImagesBrowser */ = {
			isa = PBXGroup;
			children = (
				6A6190E524D9FCC500BA7CCC /* ImagesBrowserRequestManager.swift */,
				6A6190E924D9FDA300BA7CCC /* ImgurRequest.swift */,
			);
			path = ImagesBrowser;
			sourceTree = "<group>";
		};
		6A6190EB24DA0BC400BA7CCC /* ImageDetail */ = {
			isa = PBXGroup;
			children = (
				6A6190EC24DA0BD100BA7CCC /* View */,
				6A6190ED24DA0BD800BA7CCC /* Interactor */,
				6A6190F024DA0BF400BA7CCC /* Presenter */,
				6A6190EF24DA0BEB00BA7CCC /* Entity */,
				6A6190EE24DA0BE600BA7CCC /* Router */,
			);
			path = ImageDetail;
			sourceTree = "<group>";
		};
		6A6190EC24DA0BD100BA7CCC /* View */ = {
			isa = PBXGroup;
			children = (
				6A6190F124DA0C2100BA7CCC /* ImageDetailViewController.swift */,
			);
			path = View;
			sourceTree = "<group>";
		};
		6A6190ED24DA0BD800BA7CCC /* Interactor */ = {
			isa = PBXGroup;
			children = (
				6A6190F324DA0C3500BA7CCC /* ImageDetailInteractor.swift */,
			);
			path = Interactor;
			sourceTree = "<group>";
		};
		6A6190EE24DA0BE600BA7CCC /* Router */ = {
			isa = PBXGroup;
			children = (
				6A6190F924DA0C5700BA7CCC /* ImageDetailWireframe.swift */,
			);
			path = Router;
			sourceTree = "<group>";
		};
		6A6190EF24DA0BEB00BA7CCC /* Entity */ = {
			isa = PBXGroup;
			children = (
				6A6190F724DA0C4900BA7CCC /* ImageDetailEntity.swift */,
			);
			path = Entity;
			sourceTree = "<group>";
		};
		6A6190F024DA0BF400BA7CCC /* Presenter */ = {
			isa = PBXGroup;
			children = (
				6A6190F524DA0C4000BA7CCC /* ImageDetailPresenter.swift */,
			);
			path = Presenter;
			sourceTree = "<group>";
		};
		6A6190FB24DA0C8200BA7CCC /* ImageDetail */ = {
			isa = PBXGroup;
			children = (
				6A6190FC24DA0CA700BA7CCC /* ImageDetailProtocols.swift */,
			);
			path = ImageDetail;
			sourceTree = "<group>";
		};
		6A6190FE24DA0D5000BA7CCC /* ImageDetail */ = {
			isa = PBXGroup;
			children = (
				6A98D1F724EB604300FE49B2 /* Protocols */,
				6A6190FF24DA0D5A00BA7CCC /* View */,
				6A98D1FA24EB615600FE49B2 /* Interactor */,
				6A61910024DA0D6000BA7CCC /* Presenter */,
			);
			path = ImageDetail;
			sourceTree = "<group>";
		};
		6A6190FF24DA0D5A00BA7CCC /* View */ = {
			isa = PBXGroup;
			children = (
				6A61910124DA0DBE00BA7CCC /* ImgurCommentCell.swift */,
				6A61910324DA0DDD00BA7CCC /* ImgurCommentCell.xib */,
			);
			path = View;
			sourceTree = "<group>";
		};
		6A61910024DA0D6000BA7CCC /* Presenter */ = {
			isa = PBXGroup;
			children = (
				6A61910524DA0E2900BA7CCC /* ImgurCommentCellPresenter.swift */,
			);
			path = Presenter;
			sourceTree = "<group>";
		};
		6A61910924DA108D00BA7CCC /* ImageDetail */ = {
			isa = PBXGroup;
			children = (
				6A61910A24DA10A600BA7CCC /* ImageDetailRequestManager.swift */,
				6A61910C24DA112C00BA7CCC /* ImgurCommentsRequest.swift */,
			);
			path = ImageDetail;
			sourceTree = "<group>";
		};
		6A61911524DA21BB00BA7CCC /* Mocks */ = {
			isa = PBXGroup;
			children = (
				6A61911624DA21D100BA7CCC /* MockClasses */,
				6A61911724DA21DC00BA7CCC /* JSONMocks */,
			);
			path = Mocks;
			sourceTree = "<group>";
		};
		6A61911624DA21D100BA7CCC /* MockClasses */ = {
			isa = PBXGroup;
			children = (
				6A3C1AE824DB7ADB008098D5 /* MockServiceClasses.swift */,
				6A98D1FD24EB6A1800FE49B2 /* MockCells */,
				6A3C1AC424DB17F2008098D5 /* MockImagesBrowser */,
				6A3C1ACD24DB19C0008098D5 /* MockImageDetail */,
			);
			path = MockClasses;
			sourceTree = "<group>";
		};
		6A61911724DA21DC00BA7CCC /* JSONMocks */ = {
			isa = PBXGroup;
			children = (
				6A61911A24DA21F400BA7CCC /* BadCommentsMock.json */,
				6A61911824DA21F400BA7CCC /* BadPostsMock.json */,
				6A61911924DA21F400BA7CCC /* CommentsMock.json */,
				6A61911B24DA21F400BA7CCC /* PostsMock.json */,
			);
			path = JSONMocks;
			sourceTree = "<group>";
		};
		6A98D1F124EB2C9500FE49B2 /* Interactor */ = {
			isa = PBXGroup;
			children = (
				6A98D1F224EB2CC100FE49B2 /* ImgurPostCellInteractor.swift */,
			);
			path = Interactor;
			sourceTree = "<group>";
		};
		6A98D1F424EB326B00FE49B2 /* Protocols */ = {
			isa = PBXGroup;
			children = (
				6A98D1F524EB327B00FE49B2 /* ImgurPostCellProtocols.swift */,
			);
			path = Protocols;
			sourceTree = "<group>";
		};
		6A98D1F724EB604300FE49B2 /* Protocols */ = {
			isa = PBXGroup;
			children = (
				6A98D1F824EB605300FE49B2 /* ImgurCommentCellProtocols.swift */,
			);
			path = Protocols;
			sourceTree = "<group>";
		};
		6A98D1FA24EB615600FE49B2 /* Interactor */ = {
			isa = PBXGroup;
			children = (
				6A98D1FB24EB616800FE49B2 /* ImgurCommentCellInteractor.swift */,
			);
			path = Interactor;
			sourceTree = "<group>";
		};
		6A98D1FD24EB6A1800FE49B2 /* MockCells */ = {
			isa = PBXGroup;
			children = (
				6AD0942B24EC620000BA2016 /* PostCell */,
				6AD0942C24EC620D00BA2016 /* CommentCell */,
			);
			path = MockCells;
			sourceTree = "<group>";
		};
		6AD0942B24EC620000BA2016 /* PostCell */ = {
			isa = PBXGroup;
			children = (
				6A98D1FE24EB6A3A00FE49B2 /* MockImgurPostCellView.swift */,
				6A98D20024EB6A9700FE49B2 /* MockImgurPostCellInteractor.swift */,
				6AD0942924EC584500BA2016 /* MockImgurPostCellPresenter.swift */,
			);
			path = PostCell;
			sourceTree = "<group>";
		};
		6AD0942C24EC620D00BA2016 /* CommentCell */ = {
			isa = PBXGroup;
			children = (
				6AD0942D24EC622F00BA2016 /* MockImgurCommentCellView.swift */,
				6AD0942F24EC65F100BA2016 /* MockImgurCommentCellInteractor.swift */,
				6AD0943124EC661C00BA2016 /* MockImgurCommentCellPresenter.swift */,
			);
			path = CommentCell;
			sourceTree = "<group>";
		};
		6AD0943324EC664F00BA2016 /* CellsTests */ = {
			isa = PBXGroup;
			children = (
				6AD0943C24EC733300BA2016 /* PostCell */,
				6AD0943D24EC734100BA2016 /* CommentCell */,
			);
			path = CellsTests;
			sourceTree = "<group>";
		};
		6AD0943C24EC733300BA2016 /* PostCell */ = {
			isa = PBXGroup;
			children = (
				6AD0943424EC667F00BA2016 /* ImgurPostCellViewTest.swift */,
				6AD0943824EC70A600BA2016 /* ImgurPostCellInteractorTest.swift */,
				6AD0943A24EC716700BA2016 /* ImgurPostCellPresenterTest.swift */,
			);
			path = PostCell;
			sourceTree = "<group>";
		};
		6AD0943D24EC734100BA2016 /* CommentCell */ = {
			isa = PBXGroup;
			children = (
				6AD0943E24EC735A00BA2016 /* ImgurCommentCellViewTest.swift */,
				6AD0944024EC76EA00BA2016 /* ImgurCommentCellPresenterTest.swift */,
			);
			path = CommentCell;
			sourceTree = "<group>";
		};
/* End PBXGroup section */

/* Begin PBXNativeTarget section */
		6A61907024D9F23600BA7CCC /* ImgurImagesVIPER */ = {
			isa = PBXNativeTarget;
			buildConfigurationList = 6A61909024D9F23800BA7CCC /* Build configuration list for PBXNativeTarget "ImgurImagesVIPER" */;
			buildPhases = (
				6A61906D24D9F23600BA7CCC /* Sources */,
				6A61906E24D9F23600BA7CCC /* Frameworks */,
				6A61906F24D9F23600BA7CCC /* Resources */,
			);
			buildRules = (
			);
			dependencies = (
			);
			name = ImgurImagesVIPER;
			productName = ImgurImagesVIPER;
			productReference = 6A61907124D9F23600BA7CCC /* ImgurImagesVIPER.app */;
			productType = "com.apple.product-type.application";
		};
		6A61908624D9F23800BA7CCC /* ImgurImagesVIPERTests */ = {
			isa = PBXNativeTarget;
			buildConfigurationList = 6A61909324D9F23800BA7CCC /* Build configuration list for PBXNativeTarget "ImgurImagesVIPERTests" */;
			buildPhases = (
				6A61908324D9F23800BA7CCC /* Sources */,
				6A61908424D9F23800BA7CCC /* Frameworks */,
				6A61908524D9F23800BA7CCC /* Resources */,
			);
			buildRules = (
			);
			dependencies = (
				6A61908924D9F23800BA7CCC /* PBXTargetDependency */,
			);
			name = ImgurImagesVIPERTests;
			productName = ImgurImagesVIPERTests;
			productReference = 6A61908724D9F23800BA7CCC /* ImgurImagesVIPERTests.xctest */;
			productType = "com.apple.product-type.bundle.unit-test";
		};
/* End PBXNativeTarget section */

/* Begin PBXProject section */
		6A61906924D9F23600BA7CCC /* Project object */ = {
			isa = PBXProject;
			attributes = {
				LastSwiftUpdateCheck = 1160;
				LastUpgradeCheck = 1160;
				ORGANIZATIONNAME = "Isaac Sanchez";
				TargetAttributes = {
					6A61907024D9F23600BA7CCC = {
						CreatedOnToolsVersion = 11.6;
					};
					6A61908624D9F23800BA7CCC = {
						CreatedOnToolsVersion = 11.6;
						TestTargetID = 6A61907024D9F23600BA7CCC;
					};
				};
			};
			buildConfigurationList = 6A61906C24D9F23600BA7CCC /* Build configuration list for PBXProject "ImgurImagesVIPER" */;
			compatibilityVersion = "Xcode 9.3";
			developmentRegion = en;
			hasScannedForEncodings = 0;
			knownRegions = (
				en,
				Base,
			);
			mainGroup = 6A61906824D9F23600BA7CCC;
			productRefGroup = 6A61907224D9F23600BA7CCC /* Products */;
			projectDirPath = "";
			projectRoot = "";
			targets = (
				6A61907024D9F23600BA7CCC /* ImgurImagesVIPER */,
				6A61908624D9F23800BA7CCC /* ImgurImagesVIPERTests */,
			);
		};
/* End PBXProject section */

/* Begin PBXResourcesBuildPhase section */
		6A61906F24D9F23600BA7CCC /* Resources */ = {
			isa = PBXResourcesBuildPhase;
			buildActionMask = 2147483647;
			files = (
				6A6190D724D9F7B900BA7CCC /* ImgurPostCell.xib in Resources */,
				6A61910424DA0DDD00BA7CCC /* ImgurCommentCell.xib in Resources */,
				6A61908124D9F23800BA7CCC /* LaunchScreen.storyboard in Resources */,
				6A61907E24D9F23800BA7CCC /* Assets.xcassets in Resources */,
				6A61907C24D9F23600BA7CCC /* Main.storyboard in Resources */,
			);
			runOnlyForDeploymentPostprocessing = 0;
		};
		6A61908524D9F23800BA7CCC /* Resources */ = {
			isa = PBXResourcesBuildPhase;
			buildActionMask = 2147483647;
			files = (
				6A61911C24DA21F400BA7CCC /* BadPostsMock.json in Resources */,
				6A61911F24DA21F400BA7CCC /* PostsMock.json in Resources */,
				6A61911E24DA21F400BA7CCC /* BadCommentsMock.json in Resources */,
				6A61911D24DA21F400BA7CCC /* CommentsMock.json in Resources */,
			);
			runOnlyForDeploymentPostprocessing = 0;
		};
/* End PBXResourcesBuildPhase section */

/* Begin PBXSourcesBuildPhase section */
		6A61906D24D9F23600BA7CCC /* Sources */ = {
			isa = PBXSourcesBuildPhase;
			buildActionMask = 2147483647;
			files = (
				6A61911424DA1F4200BA7CCC /* BaseWireframe.swift in Sources */,
				6A6190D524D9F77500BA7CCC /* ImgurPostCellPresenter.swift in Sources */,
				6A6190FA24DA0C5700BA7CCC /* ImageDetailWireframe.swift in Sources */,
				6A61910B24DA10A600BA7CCC /* ImageDetailRequestManager.swift in Sources */,
				6A98D1F624EB327B00FE49B2 /* ImgurPostCellProtocols.swift in Sources */,
				6A6190F424DA0C3500BA7CCC /* ImageDetailInteractor.swift in Sources */,
				6A61910624DA0E2900BA7CCC /* ImgurCommentCellPresenter.swift in Sources */,
				6A61907524D9F23600BA7CCC /* AppDelegate.swift in Sources */,
				6A6190D824D9F80400BA7CCC /* ServiceConstants.swift in Sources */,
				6A6190BF24D9F34700BA7CCC /* ImagesBrowserInteractor.swift in Sources */,
				6A6190FD24DA0CA700BA7CCC /* ImageDetailProtocols.swift in Sources */,
				6A6190C524D9F36E00BA7CCC /* ImagesBrowserWireframe.swift in Sources */,
				6A61910D24DA112C00BA7CCC /* ImgurCommentsRequest.swift in Sources */,
				6A98D1FC24EB616800FE49B2 /* ImgurCommentCellInteractor.swift in Sources */,
				6A61910824DA100D00BA7CCC /* ImageDetailServiceProtocols.swift in Sources */,
				6A6190CD24D9F50B00BA7CCC /* ImagesBrowserProtocols.swift in Sources */,
				6A6190BD24D9F33400BA7CCC /* ImagesBrowserViewController.swift in Sources */,
				6A6190EA24D9FDA300BA7CCC /* ImgurRequest.swift in Sources */,
				6A6190E824D9FCF200BA7CCC /* NetworkManager.swift in Sources */,
				6A98D1F324EB2CC100FE49B2 /* ImgurPostCellInteractor.swift in Sources */,
				6A6190D324D9F70F00BA7CCC /* ImgurPostCell.swift in Sources */,
				6A6190F624DA0C4000BA7CCC /* ImageDetailPresenter.swift in Sources */,
				6A98D1F924EB605300FE49B2 /* ImgurCommentCellProtocols.swift in Sources */,
				6A6190F824DA0C4900BA7CCC /* ImageDetailEntity.swift in Sources */,
				6A6190C124D9F35100BA7CCC /* ImagesBrowserPresenter.swift in Sources */,
				6A6190C324D9F35F00BA7CCC /* ImgurPostEntity.swift in Sources */,
				6A6190E224D9FBFB00BA7CCC /* ImageBrowserServiceProtocols.swift in Sources */,
				6A61911224DA1E8600BA7CCC /* ViewControllerInstantiatable.swift in Sources */,
				6A6190E624D9FCC500BA7CCC /* ImagesBrowserRequestManager.swift in Sources */,
				6A6190F224DA0C2100BA7CCC /* ImageDetailViewController.swift in Sources */,
				6A6190DD24D9FB0100BA7CCC /* ServiceProtocols.swift in Sources */,
				6A61910224DA0DBE00BA7CCC /* ImgurCommentCell.swift in Sources */,
			);
			runOnlyForDeploymentPostprocessing = 0;
		};
		6A61908324D9F23800BA7CCC /* Sources */ = {
			isa = PBXSourcesBuildPhase;
			buildActionMask = 2147483647;
			files = (
				6A3C1ADC24DB403A008098D5 /* ImagesBrowserInteractorTests.swift in Sources */,
				6AD0943F24EC735A00BA2016 /* ImgurCommentCellViewTest.swift in Sources */,
				6A3C1AE324DB6854008098D5 /* ImageDetailInteractorTest.swift in Sources */,
				6A3C1AD324DB38ED008098D5 /* MockImageDetailPresenter.swift in Sources */,
				6AD0943924EC70A600BA2016 /* ImgurPostCellInteractorTest.swift in Sources */,
				6A3C1AEB24DB7B0A008098D5 /* MockServiceClasses.swift in Sources */,
				6AD0943B24EC716700BA2016 /* ImgurPostCellPresenterTest.swift in Sources */,
				6A3C1AD524DB393D008098D5 /* MockImageDetailRequestManager.swift in Sources */,
				6AD0942E24EC622F00BA2016 /* MockImgurCommentCellView.swift in Sources */,
				6AD0942A24EC584500BA2016 /* MockImgurPostCellPresenter.swift in Sources */,
				6A3C1ACC24DB196D008098D5 /* MockImagesBrowserRequestManager.swift in Sources */,
				6A3C1AE124DB5B2D008098D5 /* ImageDetailViewTests.swift in Sources */,
				6A98D20124EB6A9700FE49B2 /* MockImgurPostCellInteractor.swift in Sources */,
				6A3C1ACA24DB190D008098D5 /* MockImagesBrowserInteractor.swift in Sources */,
				6AD0943524EC667F00BA2016 /* ImgurPostCellViewTest.swift in Sources */,
				6A3C1AD124DB3784008098D5 /* MockImageDetailInteractor.swift in Sources */,
				6A3C1ACF24DB3727008098D5 /* MockImageDetailView.swift in Sources */,
				6A3C1AE524DB6946008098D5 /* ImageDetailPresenterTests.swift in Sources */,
				6A3C1AC824DB18B4008098D5 /* MockImagesBrowserPresenter.swift in Sources */,
				6A3C1AE724DB7906008098D5 /* ServiceUniTest.swift in Sources */,
				6A3C1AC624DB181C008098D5 /* MockImagesBrowserView.swift in Sources */,
				6AD0943224EC661C00BA2016 /* MockImgurCommentCellPresenter.swift in Sources */,
				6AD0944124EC76EA00BA2016 /* ImgurCommentCellPresenterTest.swift in Sources */,
				6A98D1FF24EB6A3A00FE49B2 /* MockImgurPostCellView.swift in Sources */,
				6A3C1ADA24DB3A2A008098D5 /* ImagesBrowserViewTests.swift in Sources */,
				6AD0943024EC65F100BA2016 /* MockImgurCommentCellInteractor.swift in Sources */,
				6A3C1ADE24DB41C4008098D5 /* ImagesBrowserPresenterTests.swift in Sources */,
			);
			runOnlyForDeploymentPostprocessing = 0;
		};
/* End PBXSourcesBuildPhase section */

/* Begin PBXTargetDependency section */
		6A61908924D9F23800BA7CCC /* PBXTargetDependency */ = {
			isa = PBXTargetDependency;
			target = 6A61907024D9F23600BA7CCC /* ImgurImagesVIPER */;
			targetProxy = 6A61908824D9F23800BA7CCC /* PBXContainerItemProxy */;
		};
/* End PBXTargetDependency section */

/* Begin PBXVariantGroup section */
		6A61907A24D9F23600BA7CCC /* Main.storyboard */ = {
			isa = PBXVariantGroup;
			children = (
				6A61907B24D9F23600BA7CCC /* Base */,
			);
			name = Main.storyboard;
			sourceTree = "<group>";
		};
		6A61907F24D9F23800BA7CCC /* LaunchScreen.storyboard */ = {
			isa = PBXVariantGroup;
			children = (
				6A61908024D9F23800BA7CCC /* Base */,
			);
			name = LaunchScreen.storyboard;
			sourceTree = "<group>";
		};
/* End PBXVariantGroup section */

/* Begin XCBuildConfiguration section */
		6A61908E24D9F23800BA7CCC /* Debug */ = {
			isa = XCBuildConfiguration;
			buildSettings = {
				ALWAYS_SEARCH_USER_PATHS = NO;
				CLANG_ANALYZER_NONNULL = YES;
				CLANG_ANALYZER_NUMBER_OBJECT_CONVERSION = YES_AGGRESSIVE;
				CLANG_CXX_LANGUAGE_STANDARD = "gnu++14";
				CLANG_CXX_LIBRARY = "libc++";
				CLANG_ENABLE_MODULES = YES;
				CLANG_ENABLE_OBJC_ARC = YES;
				CLANG_ENABLE_OBJC_WEAK = YES;
				CLANG_WARN_BLOCK_CAPTURE_AUTORELEASING = YES;
				CLANG_WARN_BOOL_CONVERSION = YES;
				CLANG_WARN_COMMA = YES;
				CLANG_WARN_CONSTANT_CONVERSION = YES;
				CLANG_WARN_DEPRECATED_OBJC_IMPLEMENTATIONS = YES;
				CLANG_WARN_DIRECT_OBJC_ISA_USAGE = YES_ERROR;
				CLANG_WARN_DOCUMENTATION_COMMENTS = YES;
				CLANG_WARN_EMPTY_BODY = YES;
				CLANG_WARN_ENUM_CONVERSION = YES;
				CLANG_WARN_INFINITE_RECURSION = YES;
				CLANG_WARN_INT_CONVERSION = YES;
				CLANG_WARN_NON_LITERAL_NULL_CONVERSION = YES;
				CLANG_WARN_OBJC_IMPLICIT_RETAIN_SELF = YES;
				CLANG_WARN_OBJC_LITERAL_CONVERSION = YES;
				CLANG_WARN_OBJC_ROOT_CLASS = YES_ERROR;
				CLANG_WARN_RANGE_LOOP_ANALYSIS = YES;
				CLANG_WARN_STRICT_PROTOTYPES = YES;
				CLANG_WARN_SUSPICIOUS_MOVE = YES;
				CLANG_WARN_UNGUARDED_AVAILABILITY = YES_AGGRESSIVE;
				CLANG_WARN_UNREACHABLE_CODE = YES;
				CLANG_WARN__DUPLICATE_METHOD_MATCH = YES;
				COPY_PHASE_STRIP = NO;
				DEBUG_INFORMATION_FORMAT = dwarf;
				ENABLE_STRICT_OBJC_MSGSEND = YES;
				ENABLE_TESTABILITY = YES;
				GCC_C_LANGUAGE_STANDARD = gnu11;
				GCC_DYNAMIC_NO_PIC = NO;
				GCC_NO_COMMON_BLOCKS = YES;
				GCC_OPTIMIZATION_LEVEL = 0;
				GCC_PREPROCESSOR_DEFINITIONS = (
					"DEBUG=1",
					"$(inherited)",
				);
				GCC_WARN_64_TO_32_BIT_CONVERSION = YES;
				GCC_WARN_ABOUT_RETURN_TYPE = YES_ERROR;
				GCC_WARN_UNDECLARED_SELECTOR = YES;
				GCC_WARN_UNINITIALIZED_AUTOS = YES_AGGRESSIVE;
				GCC_WARN_UNUSED_FUNCTION = YES;
				GCC_WARN_UNUSED_VARIABLE = YES;
				IPHONEOS_DEPLOYMENT_TARGET = 13.6;
				MTL_ENABLE_DEBUG_INFO = INCLUDE_SOURCE;
				MTL_FAST_MATH = YES;
				ONLY_ACTIVE_ARCH = YES;
				SDKROOT = iphoneos;
				SWIFT_ACTIVE_COMPILATION_CONDITIONS = DEBUG;
				SWIFT_OPTIMIZATION_LEVEL = "-Onone";
			};
			name = Debug;
		};
		6A61908F24D9F23800BA7CCC /* Release */ = {
			isa = XCBuildConfiguration;
			buildSettings = {
				ALWAYS_SEARCH_USER_PATHS = NO;
				CLANG_ANALYZER_NONNULL = YES;
				CLANG_ANALYZER_NUMBER_OBJECT_CONVERSION = YES_AGGRESSIVE;
				CLANG_CXX_LANGUAGE_STANDARD = "gnu++14";
				CLANG_CXX_LIBRARY = "libc++";
				CLANG_ENABLE_MODULES = YES;
				CLANG_ENABLE_OBJC_ARC = YES;
				CLANG_ENABLE_OBJC_WEAK = YES;
				CLANG_WARN_BLOCK_CAPTURE_AUTORELEASING = YES;
				CLANG_WARN_BOOL_CONVERSION = YES;
				CLANG_WARN_COMMA = YES;
				CLANG_WARN_CONSTANT_CONVERSION = YES;
				CLANG_WARN_DEPRECATED_OBJC_IMPLEMENTATIONS = YES;
				CLANG_WARN_DIRECT_OBJC_ISA_USAGE = YES_ERROR;
				CLANG_WARN_DOCUMENTATION_COMMENTS = YES;
				CLANG_WARN_EMPTY_BODY = YES;
				CLANG_WARN_ENUM_CONVERSION = YES;
				CLANG_WARN_INFINITE_RECURSION = YES;
				CLANG_WARN_INT_CONVERSION = YES;
				CLANG_WARN_NON_LITERAL_NULL_CONVERSION = YES;
				CLANG_WARN_OBJC_IMPLICIT_RETAIN_SELF = YES;
				CLANG_WARN_OBJC_LITERAL_CONVERSION = YES;
				CLANG_WARN_OBJC_ROOT_CLASS = YES_ERROR;
				CLANG_WARN_RANGE_LOOP_ANALYSIS = YES;
				CLANG_WARN_STRICT_PROTOTYPES = YES;
				CLANG_WARN_SUSPICIOUS_MOVE = YES;
				CLANG_WARN_UNGUARDED_AVAILABILITY = YES_AGGRESSIVE;
				CLANG_WARN_UNREACHABLE_CODE = YES;
				CLANG_WARN__DUPLICATE_METHOD_MATCH = YES;
				COPY_PHASE_STRIP = NO;
				DEBUG_INFORMATION_FORMAT = "dwarf-with-dsym";
				ENABLE_NS_ASSERTIONS = NO;
				ENABLE_STRICT_OBJC_MSGSEND = YES;
				GCC_C_LANGUAGE_STANDARD = gnu11;
				GCC_NO_COMMON_BLOCKS = YES;
				GCC_WARN_64_TO_32_BIT_CONVERSION = YES;
				GCC_WARN_ABOUT_RETURN_TYPE = YES_ERROR;
				GCC_WARN_UNDECLARED_SELECTOR = YES;
				GCC_WARN_UNINITIALIZED_AUTOS = YES_AGGRESSIVE;
				GCC_WARN_UNUSED_FUNCTION = YES;
				GCC_WARN_UNUSED_VARIABLE = YES;
				IPHONEOS_DEPLOYMENT_TARGET = 13.6;
				MTL_ENABLE_DEBUG_INFO = NO;
				MTL_FAST_MATH = YES;
				SDKROOT = iphoneos;
				SWIFT_COMPILATION_MODE = wholemodule;
				SWIFT_OPTIMIZATION_LEVEL = "-O";
				VALIDATE_PRODUCT = YES;
			};
			name = Release;
		};
		6A61909124D9F23800BA7CCC /* Debug */ = {
			isa = XCBuildConfiguration;
			buildSettings = {
				ASSETCATALOG_COMPILER_APPICON_NAME = AppIcon;
				CODE_SIGN_STYLE = Automatic;
				DEVELOPMENT_TEAM = 5NQ3MR89X4;
				INFOPLIST_FILE = ImgurImagesVIPER/Info.plist;
				IPHONEOS_DEPLOYMENT_TARGET = 13.0;
				LD_RUNPATH_SEARCH_PATHS = (
					"$(inherited)",
					"@executable_path/Frameworks",
				);
				PRODUCT_BUNDLE_IDENTIFIER = com.isaacsanchez.ImgurImagesVIPER;
				PRODUCT_NAME = "$(TARGET_NAME)";
				SWIFT_VERSION = 5.0;
				TARGETED_DEVICE_FAMILY = "1,2";
			};
			name = Debug;
		};
		6A61909224D9F23800BA7CCC /* Release */ = {
			isa = XCBuildConfiguration;
			buildSettings = {
				ASSETCATALOG_COMPILER_APPICON_NAME = AppIcon;
				CODE_SIGN_STYLE = Automatic;
				DEVELOPMENT_TEAM = 5NQ3MR89X4;
				INFOPLIST_FILE = ImgurImagesVIPER/Info.plist;
				IPHONEOS_DEPLOYMENT_TARGET = 13.0;
				LD_RUNPATH_SEARCH_PATHS = (
					"$(inherited)",
					"@executable_path/Frameworks",
				);
				PRODUCT_BUNDLE_IDENTIFIER = com.isaacsanchez.ImgurImagesVIPER;
				PRODUCT_NAME = "$(TARGET_NAME)";
				SWIFT_VERSION = 5.0;
				TARGETED_DEVICE_FAMILY = "1,2";
			};
			name = Release;
		};
		6A61909424D9F23800BA7CCC /* Debug */ = {
			isa = XCBuildConfiguration;
			buildSettings = {
				ALWAYS_EMBED_SWIFT_STANDARD_LIBRARIES = YES;
				BUNDLE_LOADER = "$(TEST_HOST)";
				CODE_SIGN_STYLE = Automatic;
				DEVELOPMENT_TEAM = 5NQ3MR89X4;
				INFOPLIST_FILE = ImgurImagesVIPERTests/Info.plist;
				IPHONEOS_DEPLOYMENT_TARGET = 13.6;
				LD_RUNPATH_SEARCH_PATHS = (
					"$(inherited)",
					"@executable_path/Frameworks",
					"@loader_path/Frameworks",
				);
				PRODUCT_BUNDLE_IDENTIFIER = com.isaacsanchez.ImgurImagesVIPERTests;
				PRODUCT_NAME = "$(TARGET_NAME)";
				SWIFT_VERSION = 5.0;
				TARGETED_DEVICE_FAMILY = "1,2";
				TEST_HOST = "$(BUILT_PRODUCTS_DIR)/ImgurImagesVIPER.app/ImgurImagesVIPER";
			};
			name = Debug;
		};
		6A61909524D9F23800BA7CCC /* Release */ = {
			isa = XCBuildConfiguration;
			buildSettings = {
				ALWAYS_EMBED_SWIFT_STANDARD_LIBRARIES = YES;
				BUNDLE_LOADER = "$(TEST_HOST)";
				CODE_SIGN_STYLE = Automatic;
				DEVELOPMENT_TEAM = 5NQ3MR89X4;
				INFOPLIST_FILE = ImgurImagesVIPERTests/Info.plist;
				IPHONEOS_DEPLOYMENT_TARGET = 13.6;
				LD_RUNPATH_SEARCH_PATHS = (
					"$(inherited)",
					"@executable_path/Frameworks",
					"@loader_path/Frameworks",
				);
				PRODUCT_BUNDLE_IDENTIFIER = com.isaacsanchez.ImgurImagesVIPERTests;
				PRODUCT_NAME = "$(TARGET_NAME)";
				SWIFT_VERSION = 5.0;
				TARGETED_DEVICE_FAMILY = "1,2";
				TEST_HOST = "$(BUILT_PRODUCTS_DIR)/ImgurImagesVIPER.app/ImgurImagesVIPER";
			};
			name = Release;
		};
/* End XCBuildConfiguration section */

/* Begin XCConfigurationList section */
		6A61906C24D9F23600BA7CCC /* Build configuration list for PBXProject "ImgurImagesVIPER" */ = {
			isa = XCConfigurationList;
			buildConfigurations = (
				6A61908E24D9F23800BA7CCC /* Debug */,
				6A61908F24D9F23800BA7CCC /* Release */,
			);
			defaultConfigurationIsVisible = 0;
			defaultConfigurationName = Release;
		};
		6A61909024D9F23800BA7CCC /* Build configuration list for PBXNativeTarget "ImgurImagesVIPER" */ = {
			isa = XCConfigurationList;
			buildConfigurations = (
				6A61909124D9F23800BA7CCC /* Debug */,
				6A61909224D9F23800BA7CCC /* Release */,
			);
			defaultConfigurationIsVisible = 0;
			defaultConfigurationName = Release;
		};
		6A61909324D9F23800BA7CCC /* Build configuration list for PBXNativeTarget "ImgurImagesVIPERTests" */ = {
			isa = XCConfigurationList;
			buildConfigurations = (
				6A61909424D9F23800BA7CCC /* Debug */,
				6A61909524D9F23800BA7CCC /* Release */,
			);
			defaultConfigurationIsVisible = 0;
			defaultConfigurationName = Release;
		};
/* End XCConfigurationList section */
	};
	rootObject = 6A61906924D9F23600BA7CCC /* Project object */;
}
